
Microsoft Visual Studio Solution File, Format Version 12.00
# Visual Studio 15
VisualStudioVersion = 15.0.28307.572
MinimumVisualStudioVersion = 10.0.40219.1
Project("{9A19103F-16F7-4668-BE54-9A1E7A4F7556}") = "cookboard", "cookboard\cookboard.csproj", "{647ADF75-7DF3-47AE-82AB-EAC4EEF135EB}"
EndProject
Global
	GlobalSection(SolutionConfigurationPlatforms) = preSolution
		Debug|Any CPU = Debug|Any CPU
		Release|Any CPU = Release|Any CPU
	EndGlobalSection
	GlobalSection(ProjectConfigurationPlatforms) = postSolution
		{647ADF75-7DF3-47AE-82AB-EAC4EEF135EB}.Debug|Any CPU.ActiveCfg = Debug|Any CPU
		{647ADF75-7DF3-47AE-82AB-EAC4EEF135EB}.Debug|Any CPU.Build.0 = Debug|Any CPU
		{647ADF75-7DF3-47AE-82AB-EAC4EEF135EB}.Release|Any CPU.ActiveCfg = Release|Any CPU
		{647ADF75-7DF3-47AE-82AB-EAC4EEF135EB}.Release|Any CPU.Build.0 = Release|Any CPU
	EndGlobalSection
	GlobalSection(SolutionProperties) = preSolution
		HideSolutionNode = FALSE
	EndGlobalSection
	GlobalSection(ExtensibilityGlobals) = postSolution
		SolutionGuid = {1AC7535E-5ABC-4E29-8DFD-872AEC9B4B6A}
	EndGlobalSection
EndGlobal
